
Microsoft Visual Studio Solution File, Format Version 12.00
# Visual Studio Version 16
VisualStudioVersion = 16.0.30225.117
MinimumVisualStudioVersion = 10.0.40219.1
Project("{FAE04EC0-301F-11D3-BF4B-00C04F79EFBC}") = "RockPaperScissors", "RockPaperScissors\RockPaperScissors.csproj", "{4A30AF47-9F86-4867-ABAD-878BDEF454CC}"
EndProject
Global
	GlobalSection(SolutionConfigurationPlatforms) = preSolution
		Debug|Any CPU = Debug|Any CPU
		Release|Any CPU = Release|Any CPU
	EndGlobalSection
	GlobalSection(ProjectConfigurationPlatforms) = postSolution
		{4A30AF47-9F86-4867-ABAD-878BDEF454CC}.Debug|Any CPU.ActiveCfg = Debug|Any CPU
		{4A30AF47-9F86-4867-ABAD-878BDEF454CC}.Debug|Any CPU.Build.0 = Debug|Any CPU
		{4A30AF47-9F86-4867-ABAD-878BDEF454CC}.Release|Any CPU.ActiveCfg = Release|Any CPU
		{4A30AF47-9F86-4867-ABAD-878BDEF454CC}.Release|Any CPU.Build.0 = Release|Any CPU
	EndGlobalSection
	GlobalSection(SolutionProperties) = preSolution
		HideSolutionNode = FALSE
	EndGlobalSection
	GlobalSection(ExtensibilityGlobals) = postSolution
		SolutionGuid = {026EBD46-63FF-4FEA-B3FE-EC8991FC9FEE}
	EndGlobalSection
EndGlobal
